
Microsoft Visual Studio Solution File, Format Version 12.00
# Visual Studio 15
VisualStudioVersion = 15.0.28307.705
MinimumVisualStudioVersion = 10.0.40219.1
Project("{2150E333-8FDC-42A3-9474-1A3956D46DE8}") = "01.Utils", "01.Utils", "{54C8F958-C634-4BA6-83C8-43733E5D7955}"
EndProject
Project("{2150E333-8FDC-42A3-9474-1A3956D46DE8}") = "02.Entities", "02.Entities", "{66747D7D-9306-4D3F-B420-A0B746F9BE9B}"
EndProject
Project("{FAE04EC0-301F-11D3-BF4B-00C04F79EFBC}") = "CGM.Utils", "..\CGM.Utils\CGM.Utils.csproj", "{54CB365B-B824-4560-8B9E-0F4BAD7D486B}"
EndProject
Project("{FAE04EC0-301F-11D3-BF4B-00C04F79EFBC}") = "CGM.Entities", "CGM.Entities\CGM.Entities.csproj", "{087A0038-C1B5-4810-A58B-E53D5E7177EF}"
EndProject
Project("{2150E333-8FDC-42A3-9474-1A3956D46DE8}") = "03.Factory", "03.Factory", "{EADE8FFD-A3B4-4DB2-92E2-4F58F8388999}"
EndProject
Project("{FAE04EC0-301F-11D3-BF4B-00C04F79EFBC}") = "CGM.Factory", "CGM.Factory\CGM.Factory.csproj", "{B0791F91-9D3A-44BC-9D05-FA2AE50FA727}"
EndProject
Project("{2150E333-8FDC-42A3-9474-1A3956D46DE8}") = "04.Resolver", "04.Resolver", "{32269CE6-DCB4-4B79-9F60-E33B6E824FA1}"
EndProject
Project("{FAE04EC0-301F-11D3-BF4B-00C04F79EFBC}") = "CGM.Resolver", "CGM.Resolver\CGM.Resolver.csproj", "{81B082DA-5BDC-43B8-BCDC-53668BC4614C}"
EndProject
Project("{2150E333-8FDC-42A3-9474-1A3956D46DE8}") = "05.Program", "05.Program", "{49152750-E1FB-45BC-9EA8-C1F16AE65702}"
EndProject
Project("{FAE04EC0-301F-11D3-BF4B-00C04F79EFBC}") = "searchfight", "searchfight\searchfight.csproj", "{58C7A073-FE18-4DA9-B28B-BC195639EA29}"
EndProject
Project("{2150E333-8FDC-42A3-9474-1A3956D46DE8}") = "06.Test", "06.Test", "{7A3BA799-8BDE-494F-976E-47C08F6E7279}"
EndProject
Project("{FAE04EC0-301F-11D3-BF4B-00C04F79EFBC}") = "CGM.Test", "CGM.Test\CGM.Test.csproj", "{4BFEF54F-8F46-4857-87EA-87C3F3019CC0}"
EndProject
Global
	GlobalSection(SolutionConfigurationPlatforms) = preSolution
		Debug|Any CPU = Debug|Any CPU
		Release|Any CPU = Release|Any CPU
	EndGlobalSection
	GlobalSection(ProjectConfigurationPlatforms) = postSolution
		{54CB365B-B824-4560-8B9E-0F4BAD7D486B}.Debug|Any CPU.ActiveCfg = Debug|Any CPU
		{54CB365B-B824-4560-8B9E-0F4BAD7D486B}.Debug|Any CPU.Build.0 = Debug|Any CPU
		{54CB365B-B824-4560-8B9E-0F4BAD7D486B}.Release|Any CPU.ActiveCfg = Release|Any CPU
		{54CB365B-B824-4560-8B9E-0F4BAD7D486B}.Release|Any CPU.Build.0 = Release|Any CPU
		{087A0038-C1B5-4810-A58B-E53D5E7177EF}.Debug|Any CPU.ActiveCfg = Debug|Any CPU
		{087A0038-C1B5-4810-A58B-E53D5E7177EF}.Debug|Any CPU.Build.0 = Debug|Any CPU
		{087A0038-C1B5-4810-A58B-E53D5E7177EF}.Release|Any CPU.ActiveCfg = Release|Any CPU
		{087A0038-C1B5-4810-A58B-E53D5E7177EF}.Release|Any CPU.Build.0 = Release|Any CPU
		{B0791F91-9D3A-44BC-9D05-FA2AE50FA727}.Debug|Any CPU.ActiveCfg = Debug|Any CPU
		{B0791F91-9D3A-44BC-9D05-FA2AE50FA727}.Debug|Any CPU.Build.0 = Debug|Any CPU
		{B0791F91-9D3A-44BC-9D05-FA2AE50FA727}.Release|Any CPU.ActiveCfg = Release|Any CPU
		{B0791F91-9D3A-44BC-9D05-FA2AE50FA727}.Release|Any CPU.Build.0 = Release|Any CPU
		{81B082DA-5BDC-43B8-BCDC-53668BC4614C}.Debug|Any CPU.ActiveCfg = Debug|Any CPU
		{81B082DA-5BDC-43B8-BCDC-53668BC4614C}.Debug|Any CPU.Build.0 = Debug|Any CPU
		{81B082DA-5BDC-43B8-BCDC-53668BC4614C}.Release|Any CPU.ActiveCfg = Release|Any CPU
		{81B082DA-5BDC-43B8-BCDC-53668BC4614C}.Release|Any CPU.Build.0 = Release|Any CPU
		{58C7A073-FE18-4DA9-B28B-BC195639EA29}.Debug|Any CPU.ActiveCfg = Debug|Any CPU
		{58C7A073-FE18-4DA9-B28B-BC195639EA29}.Debug|Any CPU.Build.0 = Debug|Any CPU
		{58C7A073-FE18-4DA9-B28B-BC195639EA29}.Release|Any CPU.ActiveCfg = Release|Any CPU
		{58C7A073-FE18-4DA9-B28B-BC195639EA29}.Release|Any CPU.Build.0 = Release|Any CPU
		{4BFEF54F-8F46-4857-87EA-87C3F3019CC0}.Debug|Any CPU.ActiveCfg = Debug|Any CPU
		{4BFEF54F-8F46-4857-87EA-87C3F3019CC0}.Debug|Any CPU.Build.0 = Debug|Any CPU
		{4BFEF54F-8F46-4857-87EA-87C3F3019CC0}.Release|Any CPU.ActiveCfg = Release|Any CPU
		{4BFEF54F-8F46-4857-87EA-87C3F3019CC0}.Release|Any CPU.Build.0 = Release|Any CPU
	EndGlobalSection
	GlobalSection(SolutionProperties) = preSolution
		HideSolutionNode = FALSE
	EndGlobalSection
	GlobalSection(NestedProjects) = preSolution
		{54CB365B-B824-4560-8B9E-0F4BAD7D486B} = {54C8F958-C634-4BA6-83C8-43733E5D7955}
		{087A0038-C1B5-4810-A58B-E53D5E7177EF} = {66747D7D-9306-4D3F-B420-A0B746F9BE9B}
		{B0791F91-9D3A-44BC-9D05-FA2AE50FA727} = {EADE8FFD-A3B4-4DB2-92E2-4F58F8388999}
		{81B082DA-5BDC-43B8-BCDC-53668BC4614C} = {32269CE6-DCB4-4B79-9F60-E33B6E824FA1}
		{58C7A073-FE18-4DA9-B28B-BC195639EA29} = {49152750-E1FB-45BC-9EA8-C1F16AE65702}
		{4BFEF54F-8F46-4857-87EA-87C3F3019CC0} = {7A3BA799-8BDE-494F-976E-47C08F6E7279}
	EndGlobalSection
	GlobalSection(ExtensibilityGlobals) = postSolution
		SolutionGuid = {E9C6604B-3F0A-4E29-A148-40F45D6B4818}
	EndGlobalSection
EndGlobal
